// !$*UTF8*$!
{
	archiveVersion = 1;
	classes = {
	};
	objectVersion = 50;
	objects = {

/* Begin PBXBuildFile section */
		1AAF1FD324ED69AB00180CB9 /* AppDelegate.swift in Sources */ = {isa = PBXBuildFile; fileRef = 1AAF1FD224ED69AB00180CB9 /* AppDelegate.swift */; };
		1AAF1FD524ED69AB00180CB9 /* ViewController.swift in Sources */ = {isa = PBXBuildFile; fileRef = 1AAF1FD424ED69AB00180CB9 /* ViewController.swift */; };
		1AAF1FD824ED69AB00180CB9 /* Main.storyboard in Resources */ = {isa = PBXBuildFile; fileRef = 1AAF1FD624ED69AB00180CB9 /* Main.storyboard */; };
		1AAF1FDA24ED69AD00180CB9 /* Assets.xcassets in Resources */ = {isa = PBXBuildFile; fileRef = 1AAF1FD924ED69AD00180CB9 /* Assets.xcassets */; };
		1AAF1FDD24ED69AD00180CB9 /* LaunchScreen.storyboard in Resources */ = {isa = PBXBuildFile; fileRef = 1AAF1FDB24ED69AD00180CB9 /* LaunchScreen.storyboard */; };
		1AAF1FE824ED69AD00180CB9 /* tipTests.swift in Sources */ = {isa = PBXBuildFile; fileRef = 1AAF1FE724ED69AD00180CB9 /* tipTests.swift */; };
		1AAF1FF324ED69AD00180CB9 /* tipUITests.swift in Sources */ = {isa = PBXBuildFile; fileRef = 1AAF1FF224ED69AD00180CB9 /* tipUITests.swift */; };
/* End PBXBuildFile section */

/* Begin PBXContainerItemProxy section */
		1AAF1FE424ED69AD00180CB9 /* PBXContainerItemProxy */ = {
			isa = PBXContainerItemProxy;
			containerPortal = 1AAF1FC724ED69AB00180CB9 /* Project object */;
			proxyType = 1;
			remoteGlobalIDString = 1AAF1FCE24ED69AB00180CB9;
			remoteInfo = tip;
		};
		1AAF1FEF24ED69AD00180CB9 /* PBXContainerItemProxy */ = {
			isa = PBXContainerItemProxy;
			containerPortal = 1AAF1FC724ED69AB00180CB9 /* Project object */;
			proxyType = 1;
			remoteGlobalIDString = 1AAF1FCE24ED69AB00180CB9;
			remoteInfo = tip;
		};
/* End PBXContainerItemProxy section */

/* Begin PBXFileReference section */
		1AAF1FCF24ED69AB00180CB9 /* tip.app */ = {isa = PBXFileReference; explicitFileType = wrapper.application; includeInIndex = 0; path = tip.app; sourceTree = BUILT_PRODUCTS_DIR; };
		1AAF1FD224ED69AB00180CB9 /* AppDelegate.swift */ = {isa = PBXFileReference; lastKnownFileType = sourcecode.swift; path = AppDelegate.swift; sourceTree = "<group>"; };
		1AAF1FD424ED69AB00180CB9 /* ViewController.swift */ = {isa = PBXFileReference; lastKnownFileType = sourcecode.swift; path = ViewController.swift; sourceTree = "<group>"; };
		1AAF1FD724ED69AB00180CB9 /* Base */ = {isa = PBXFileReference; lastKnownFileType = file.storyboard; name = Base; path = Base.lproj/Main.storyboard; sourceTree = "<group>"; };
		1AAF1FD924ED69AD00180CB9 /* Assets.xcassets */ = {isa = PBXFileReference; lastKnownFileType = folder.assetcatalog; path = Assets.xcassets; sourceTree = "<group>"; };
		1AAF1FDC24ED69AD00180CB9 /* Base */ = {isa = PBXFileReference; lastKnownFileType = file.storyboard; name = Base; path = Base.lproj/LaunchScreen.storyboard; sourceTree = "<group>"; };
		1AAF1FDE24ED69AD00180CB9 /* Info.plist */ = {isa = PBXFileReference; lastKnownFileType = text.plist.xml; path = Info.plist; sourceTree = "<group>"; };
		1AAF1FE324ED69AD00180CB9 /* tipTests.xctest */ = {isa = PBXFileReference; explicitFileType = wrapper.cfbundle; includeInIndex = 0; path = tipTests.xctest; sourceTree = BUILT_PRODUCTS_DIR; };
		1AAF1FE724ED69AD00180CB9 /* tipTests.swift */ = {isa = PBXFileReference; lastKnownFileType = sourcecode.swift; path = tipTests.swift; sourceTree = "<group>"; };
		1AAF1FE924ED69AD00180CB9 /* Info.plist */ = {isa = PBXFileReference; lastKnownFileType = text.plist.xml; path = Info.plist; sourceTree = "<group>"; };
		1AAF1FEE24ED69AD00180CB9 /* tipUITests.xctest */ = {isa = PBXFileReference; explicitFileType = wrapper.cfbundle; includeInIndex = 0; path = tipUITests.xctest; sourceTree = BUILT_PRODUCTS_DIR; };
		1AAF1FF224ED69AD00180CB9 /* tipUITests.swift */ = {isa = PBXFileReference; lastKnownFileType = sourcecode.swift; path = tipUITests.swift; sourceTree = "<group>"; };
		1AAF1FF424ED69AD00180CB9 /* Info.plist */ = {isa = PBXFileReference; lastKnownFileType = text.plist.xml; path = Info.plist; sourceTree = "<group>"; };
/* End PBXFileReference section */

/* Begin PBXFrameworksBuildPhase section */
		1AAF1FCC24ED69AB00180CB9 /* Frameworks */ = {
			isa = PBXFrameworksBuildPhase;
			buildActionMask = 2147483647;
			files = (
			);
			runOnlyForDeploymentPostprocessing = 0;
		};
		1AAF1FE024ED69AD00180CB9 /* Frameworks */ = {
			isa = PBXFrameworksBuildPhase;
			buildActionMask = 2147483647;
			files = (
			);
			runOnlyForDeploymentPostprocessing = 0;
		};
		1AAF1FEB24ED69AD00180CB9 /* Frameworks */ = {
			isa = PBXFrameworksBuildPhase;
			buildActionMask = 2147483647;
			files = (
			);
			runOnlyForDeploymentPostprocessing = 0;
		};
/* End PBXFrameworksBuildPhase section */

/* Begin PBXGroup section */
		1AAF1FC624ED69AB00180CB9 = {
			isa = PBXGroup;
			children = (
				1AAF1FD124ED69AB00180CB9 /* tip */,
				1AAF1FE624ED69AD00180CB9 /* tipTests */,
				1AAF1FF124ED69AD00180CB9 /* tipUITests */,
				1AAF1FD024ED69AB00180CB9 /* Products */,
			);
			sourceTree = "<group>";
		};
		1AAF1FD024ED69AB00180CB9 /* Products */ = {
			isa = PBXGroup;
			children = (
				1AAF1FCF24ED69AB00180CB9 /* tip.app */,
				1AAF1FE324ED69AD00180CB9 /* tipTests.xctest */,
				1AAF1FEE24ED69AD00180CB9 /* tipUITests.xctest */,
			);
			name = Products;
			sourceTree = "<group>";
		};
		1AAF1FD124ED69AB00180CB9 /* tip */ = {
			isa = PBXGroup;
			children = (
				1AAF1FD224ED69AB00180CB9 /* AppDelegate.swift */,
				1AAF1FD424ED69AB00180CB9 /* ViewController.swift */,
				1AAF1FD624ED69AB00180CB9 /* Main.storyboard */,
				1AAF1FD924ED69AD00180CB9 /* Assets.xcassets */,
				1AAF1FDB24ED69AD00180CB9 /* LaunchScreen.storyboard */,
				1AAF1FDE24ED69AD00180CB9 /* Info.plist */,
			);
			path = tip;
			sourceTree = "<group>";
		};
		1AAF1FE624ED69AD00180CB9 /* tipTests */ = {
			isa = PBXGroup;
			children = (
				1AAF1FE724ED69AD00180CB9 /* tipTests.swift */,
				1AAF1FE924ED69AD00180CB9 /* Info.plist */,
			);
			path = tipTests;
			sourceTree = "<group>";
		};
		1AAF1FF124ED69AD00180CB9 /* tipUITests */ = {
			isa = PBXGroup;
			children = (
				1AAF1FF224ED69AD00180CB9 /* tipUITests.swift */,
				1AAF1FF424ED69AD00180CB9 /* Info.plist */,
			);
			path = tipUITests;
			sourceTree = "<group>";
		};
/* End PBXGroup section */

/* Begin PBXNativeTarget section */
		1AAF1FCE24ED69AB00180CB9 /* tip */ = {
			isa = PBXNativeTarget;
			buildConfigurationList = 1AAF1FF724ED69AD00180CB9 /* Build configuration list for PBXNativeTarget "tip" */;
			buildPhases = (
				1AAF1FCB24ED69AB00180CB9 /* Sources */,
				1AAF1FCC24ED69AB00180CB9 /* Frameworks */,
				1AAF1FCD24ED69AB00180CB9 /* Resources */,
			);
			buildRules = (
			);
			dependencies = (
			);
			name = tip;
			productName = tip;
			productReference = 1AAF1FCF24ED69AB00180CB9 /* tip.app */;
			productType = "com.apple.product-type.application";
		};
		1AAF1FE224ED69AD00180CB9 /* tipTests */ = {
			isa = PBXNativeTarget;
			buildConfigurationList = 1AAF1FFA24ED69AD00180CB9 /* Build configuration list for PBXNativeTarget "tipTests" */;
			buildPhases = (
				1AAF1FDF24ED69AD00180CB9 /* Sources */,
				1AAF1FE024ED69AD00180CB9 /* Frameworks */,
				1AAF1FE124ED69AD00180CB9 /* Resources */,
			);
			buildRules = (
			);
			dependencies = (
				1AAF1FE524ED69AD00180CB9 /* PBXTargetDependency */,
			);
			name = tipTests;
			productName = tipTests;
			productReference = 1AAF1FE324ED69AD00180CB9 /* tipTests.xctest */;
			productType = "com.apple.product-type.bundle.unit-test";
		};
		1AAF1FED24ED69AD00180CB9 /* tipUITests */ = {
			isa = PBXNativeTarget;
			buildConfigurationList = 1AAF1FFD24ED69AD00180CB9 /* Build configuration list for PBXNativeTarget "tipUITests" */;
			buildPhases = (
				1AAF1FEA24ED69AD00180CB9 /* Sources */,
				1AAF1FEB24ED69AD00180CB9 /* Frameworks */,
				1AAF1FEC24ED69AD00180CB9 /* Resources */,
			);
			buildRules = (
			);
			dependencies = (
				1AAF1FF024ED69AD00180CB9 /* PBXTargetDependency */,
			);
			name = tipUITests;
			productName = tipUITests;
			productReference = 1AAF1FEE24ED69AD00180CB9 /* tipUITests.xctest */;
			productType = "com.apple.product-type.bundle.ui-testing";
		};
/* End PBXNativeTarget section */

/* Begin PBXProject section */
		1AAF1FC724ED69AB00180CB9 /* Project object */ = {
			isa = PBXProject;
			attributes = {
				LastSwiftUpdateCheck = 1000;
				LastUpgradeCheck = 1000;
				ORGANIZATIONNAME = Codepath;
				TargetAttributes = {
					1AAF1FCE24ED69AB00180CB9 = {
						CreatedOnToolsVersion = 10.0;
					};
					1AAF1FE224ED69AD00180CB9 = {
						CreatedOnToolsVersion = 10.0;
						TestTargetID = 1AAF1FCE24ED69AB00180CB9;
					};
					1AAF1FED24ED69AD00180CB9 = {
						CreatedOnToolsVersion = 10.0;
						TestTargetID = 1AAF1FCE24ED69AB00180CB9;
					};
				};
			};
			buildConfigurationList = 1AAF1FCA24ED69AB00180CB9 /* Build configuration list for PBXProject "tip" */;
			compatibilityVersion = "Xcode 9.3";
			developmentRegion = en;
			hasScannedForEncodings = 0;
			knownRegions = (
				en,
				Base,
			);
			mainGroup = 1AAF1FC624ED69AB00180CB9;
			productRefGroup = 1AAF1FD024ED69AB00180CB9 /* Products */;
			projectDirPath = "";
			projectRoot = "";
			targets = (
				1AAF1FCE24ED69AB00180CB9 /* tip */,
				1AAF1FE224ED69AD00180CB9 /* tipTests */,
				1AAF1FED24ED69AD00180CB9 /* tipUITests */,
			);
		};
/* End PBXProject section */

/* Begin PBXResourcesBuildPhase section */
		1AAF1FCD24ED69AB00180CB9 /* Resources */ = {
			isa = PBXResourcesBuildPhase;
			buildActionMask = 2147483647;
			files = (
				1AAF1FDD24ED69AD00180CB9 /* LaunchScreen.storyboard in Resources */,
				1AAF1FDA24ED69AD00180CB9 /* Assets.xcassets in Resources */,
				1AAF1FD824ED69AB00180CB9 /* Main.storyboard in Resources */,
			);
			runOnlyForDeploymentPostprocessing = 0;
		};
		1AAF1FE124ED69AD00180CB9 /* Resources */ = {
			isa = PBXResourcesBuildPhase;
			buildActionMask = 2147483647;
			files = (
			);
			runOnlyForDeploymentPostprocessing = 0;
		};
		1AAF1FEC24ED69AD00180CB9 /* Resources */ = {
			isa = PBXResourcesBuildPhase;
			buildActionMask = 2147483647;
			files = (
			);
			runOnlyForDeploymentPostprocessing = 0;
		};
/* End PBXResourcesBuildPhase section */

/* Begin PBXSourcesBuildPhase section */
		1AAF1FCB24ED69AB00180CB9 /* Sources */ = {
			isa = PBXSourcesBuildPhase;
			buildActionMask = 2147483647;
			files = (
				1AAF1FD524ED69AB00180CB9 /* ViewController.swift in Sources */,
				1AAF1FD324ED69AB00180CB9 /* AppDelegate.swift in Sources */,
			);
			runOnlyForDeploymentPostprocessing = 0;
		};
		1AAF1FDF24ED69AD00180CB9 /* Sources */ = {
			isa = PBXSourcesBuildPhase;
			buildActionMask = 2147483647;
			files = (
				1AAF1FE824ED69AD00180CB9 /* tipTests.swift in Sources */,
			);
			runOnlyForDeploymentPostprocessing = 0;
		};
		1AAF1FEA24ED69AD00180CB9 /* Sources */ = {
			isa = PBXSourcesBuildPhase;
			buildActionMask = 2147483647;
			files = (
				1AAF1FF324ED69AD00180CB9 /* tipUITests.swift in Sources */,
			);
			runOnlyForDeploymentPostprocessing = 0;
		};
/* End PBXSourcesBuildPhase section */

/* Begin PBXTargetDependency section */
		1AAF1FE524ED69AD00180CB9 /* PBXTargetDependency */ = {
			isa = PBXTargetDependency;
			target = 1AAF1FCE24ED69AB00180CB9 /* tip */;
			targetProxy = 1AAF1FE424ED69AD00180CB9 /* PBXContainerItemProxy */;
		};
		1AAF1FF024ED69AD00180CB9 /* PBXTargetDependency */ = {
			isa = PBXTargetDependency;
			target = 1AAF1FCE24ED69AB00180CB9 /* tip */;
			targetProxy = 1AAF1FEF24ED69AD00180CB9 /* PBXContainerItemProxy */;
		};
/* End PBXTargetDependency section */

/* Begin PBXVariantGroup section */
		1AAF1FD624ED69AB00180CB9 /* Main.storyboard */ = {
			isa = PBXVariantGroup;
			children = (
				1AAF1FD724ED69AB00180CB9 /* Base */,
			);
			name = Main.storyboard;
			sourceTree = "<group>";
		};
		1AAF1FDB24ED69AD00180CB9 /* LaunchScreen.storyboard */ = {
			isa = PBXVariantGroup;
			children = (
				1AAF1FDC24ED69AD00180CB9 /* Base */,
			);
			name = LaunchScreen.storyboard;
			sourceTree = "<group>";
		};
/* End PBXVariantGroup section */

/* Begin XCBuildConfiguration section */
		1AAF1FF524ED69AD00180CB9 /* Debug */ = {
			isa = XCBuildConfiguration;
			buildSettings = {
				ALWAYS_SEARCH_USER_PATHS = NO;
				CLANG_ANALYZER_NONNULL = YES;
				CLANG_ANALYZER_NUMBER_OBJECT_CONVERSION = YES_AGGRESSIVE;
				CLANG_CXX_LANGUAGE_STANDARD = "gnu++14";
				CLANG_CXX_LIBRARY = "libc++";
				CLANG_ENABLE_MODULES = YES;
				CLANG_ENABLE_OBJC_ARC = YES;
				CLANG_ENABLE_OBJC_WEAK = YES;
				CLANG_WARN_BLOCK_CAPTURE_AUTORELEASING = YES;
				CLANG_WARN_BOOL_CONVERSION = YES;
				CLANG_WARN_COMMA = YES;
				CLANG_WARN_CONSTANT_CONVERSION = YES;
				CLANG_WARN_DEPRECATED_OBJC_IMPLEMENTATIONS = YES;
				CLANG_WARN_DIRECT_OBJC_ISA_USAGE = YES_ERROR;
				CLANG_WARN_DOCUMENTATION_COMMENTS = YES;
				CLANG_WARN_EMPTY_BODY = YES;
				CLANG_WARN_ENUM_CONVERSION = YES;
				CLANG_WARN_INFINITE_RECURSION = YES;
				CLANG_WARN_INT_CONVERSION = YES;
				CLANG_WARN_NON_LITERAL_NULL_CONVERSION = YES;
				CLANG_WARN_OBJC_IMPLICIT_RETAIN_SELF = YES;
				CLANG_WARN_OBJC_LITERAL_CONVERSION = YES;
				CLANG_WARN_OBJC_ROOT_CLASS = YES_ERROR;
				CLANG_WARN_RANGE_LOOP_ANALYSIS = YES;
				CLANG_WARN_STRICT_PROTOTYPES = YES;
				CLANG_WARN_SUSPICIOUS_MOVE = YES;
				CLANG_WARN_UNGUARDED_AVAILABILITY = YES_AGGRESSIVE;
				CLANG_WARN_UNREACHABLE_CODE = YES;
				CLANG_WARN__DUPLICATE_METHOD_MATCH = YES;
				CODE_SIGN_IDENTITY = "iPhone Developer";
				COPY_PHASE_STRIP = NO;
				DEBUG_INFORMATION_FORMAT = dwarf;
				ENABLE_STRICT_OBJC_MSGSEND = YES;
				ENABLE_TESTABILITY = YES;
				GCC_C_LANGUAGE_STANDARD = gnu11;
				GCC_DYNAMIC_NO_PIC = NO;
				GCC_NO_COMMON_BLOCKS = YES;
				GCC_OPTIMIZATION_LEVEL = 0;
				GCC_PREPROCESSOR_DEFINITIONS = (
					"DEBUG=1",
					"$(inherited)",
				);
				GCC_WARN_64_TO_32_BIT_CONVERSION = YES;
				GCC_WARN_ABOUT_RETURN_TYPE = YES_ERROR;
				GCC_WARN_UNDECLARED_SELECTOR = YES;
				GCC_WARN_UNINITIALIZED_AUTOS = YES_AGGRESSIVE;
				GCC_WARN_UNUSED_FUNCTION = YES;
				GCC_WARN_UNUSED_VARIABLE = YES;
				IPHONEOS_DEPLOYMENT_TARGET = 12.0;
				MTL_ENABLE_DEBUG_INFO = INCLUDE_SOURCE;
				MTL_FAST_MATH = YES;
				ONLY_ACTIVE_ARCH = YES;
				SDKROOT = iphoneos;
				SWIFT_ACTIVE_COMPILATION_CONDITIONS = DEBUG;
				SWIFT_OPTIMIZATION_LEVEL = "-Onone";
			};
			name = Debug;
		};
		1AAF1FF624ED69AD00180CB9 /* Release */ = {
			isa = XCBuildConfiguration;
			buildSettings = {
				ALWAYS_SEARCH_USER_PATHS = NO;
				CLANG_ANALYZER_NONNULL = YES;
				CLANG_ANALYZER_NUMBER_OBJECT_CONVERSION = YES_AGGRESSIVE;
				CLANG_CXX_LANGUAGE_STANDARD = "gnu++14";
				CLANG_CXX_LIBRARY = "libc++";
				CLANG_ENABLE_MODULES = YES;
				CLANG_ENABLE_OBJC_ARC = YES;
				CLANG_ENABLE_OBJC_WEAK = YES;
				CLANG_WARN_BLOCK_CAPTURE_AUTORELEASING = YES;
				CLANG_WARN_BOOL_CONVERSION = YES;
				CLANG_WARN_COMMA = YES;
				CLANG_WARN_CONSTANT_CONVERSION = YES;
				CLANG_WARN_DEPRECATED_OBJC_IMPLEMENTATIONS = YES;
				CLANG_WARN_DIRECT_OBJC_ISA_USAGE = YES_ERROR;
				CLANG_WARN_DOCUMENTATION_COMMENTS = YES;
				CLANG_WARN_EMPTY_BODY = YES;
				CLANG_WARN_ENUM_CONVERSION = YES;
				CLANG_WARN_INFINITE_RECURSION = YES;
				CLANG_WARN_INT_CONVERSION = YES;
				CLANG_WARN_NON_LITERAL_NULL_CONVERSION = YES;
				CLANG_WARN_OBJC_IMPLICIT_RETAIN_SELF = YES;
				CLANG_WARN_OBJC_LITERAL_CONVERSION = YES;
				CLANG_WARN_OBJC_ROOT_CLASS = YES_ERROR;
				CLANG_WARN_RANGE_LOOP_ANALYSIS = YES;
				CLANG_WARN_STRICT_PROTOTYPES = YES;
				CLANG_WARN_SUSPICIOUS_MOVE = YES;
				CLANG_WARN_UNGUARDED_AVAILABILITY = YES_AGGRESSIVE;
				CLANG_WARN_UNREACHABLE_CODE = YES;
				CLANG_WARN__DUPLICATE_METHOD_MATCH = YES;
				CODE_SIGN_IDENTITY = "iPhone Developer";
				COPY_PHASE_STRIP = NO;
				DEBUG_INFORMATION_FORMAT = "dwarf-with-dsym";
				ENABLE_NS_ASSERTIONS = NO;
				ENABLE_STRICT_OBJC_MSGSEND = YES;
				GCC_C_LANGUAGE_STANDARD = gnu11;
				GCC_NO_COMMON_BLOCKS = YES;
				GCC_WARN_64_TO_32_BIT_CONVERSION = YES;
				GCC_WARN_ABOUT_RETURN_TYPE = YES_ERROR;
				GCC_WARN_UNDECLARED_SELECTOR = YES;
				GCC_WARN_UNINITIALIZED_AUTOS = YES_AGGRESSIVE;
				GCC_WARN_UNUSED_FUNCTION = YES;
				GCC_WARN_UNUSED_VARIABLE = YES;
				IPHONEOS_DEPLOYMENT_TARGET = 12.0;
				MTL_ENABLE_DEBUG_INFO = NO;
				MTL_FAST_MATH = YES;
				SDKROOT = iphoneos;
				SWIFT_COMPILATION_MODE = wholemodule;
				SWIFT_OPTIMIZATION_LEVEL = "-O";
				VALIDATE_PRODUCT = YES;
			};
			name = Release;
		};
		1AAF1FF824ED69AD00180CB9 /* Debug */ = {
			isa = XCBuildConfiguration;
			buildSettings = {
				ASSETCATALOG_COMPILER_APPICON_NAME = AppIcon;
				CODE_SIGN_STYLE = Automatic;
				INFOPLIST_FILE = tip/Info.plist;
				LD_RUNPATH_SEARCH_PATHS = (
					"$(inherited)",
					"@executable_path/Frameworks",
				);
				PRODUCT_BUNDLE_IDENTIFIER = Codepath.tip;
				PRODUCT_NAME = "$(TARGET_NAME)";
				SWIFT_VERSION = 4.2;
				TARGETED_DEVICE_FAMILY = "1,2";
			};
			name = Debug;
		};
		1AAF1FF924ED69AD00180CB9 /* Release */ = {
			isa = XCBuildConfiguration;
			buildSettings = {
				ASSETCATALOG_COMPILER_APPICON_NAME = AppIcon;
				CODE_SIGN_STYLE = Automatic;
				INFOPLIST_FILE = tip/Info.plist;
				LD_RUNPATH_SEARCH_PATHS = (
					"$(inherited)",
					"@executable_path/Frameworks",
				);
				PRODUCT_BUNDLE_IDENTIFIER = Codepath.tip;
				PRODUCT_NAME = "$(TARGET_NAME)";
				SWIFT_VERSION = 4.2;
				TARGETED_DEVICE_FAMILY = "1,2";
			};
			name = Release;
		};
		1AAF1FFB24ED69AD00180CB9 /* Debug */ = {
			isa = XCBuildConfiguration;
			buildSettings = {
				ALWAYS_EMBED_SWIFT_STANDARD_LIBRARIES = YES;
				BUNDLE_LOADER = "$(TEST_HOST)";
				CODE_SIGN_STYLE = Automatic;
				INFOPLIST_FILE = tipTests/Info.plist;
				LD_RUNPATH_SEARCH_PATHS = (
					"$(inherited)",
					"@executable_path/Frameworks",
					"@loader_path/Frameworks",
				);
				PRODUCT_BUNDLE_IDENTIFIER = Codepath.tipTests;
				PRODUCT_NAME = "$(TARGET_NAME)";
				SWIFT_VERSION = 4.2;
				TARGETED_DEVICE_FAMILY = "1,2";
				TEST_HOST = "$(BUILT_PRODUCTS_DIR)/tip.app/tip";
			};
			name = Debug;
		};
		1AAF1FFC24ED69AD00180CB9 /* Release */ = {
			isa = XCBuildConfiguration;
			buildSettings = {
				ALWAYS_EMBED_SWIFT_STANDARD_LIBRARIES = YES;
				BUNDLE_LOADER = "$(TEST_HOST)";
				CODE_SIGN_STYLE = Automatic;
				INFOPLIST_FILE = tipTests/Info.plist;
				LD_RUNPATH_SEARCH_PATHS = (
					"$(inherited)",
					"@executable_path/Frameworks",
					"@loader_path/Frameworks",
				);
				PRODUCT_BUNDLE_IDENTIFIER = Codepath.tipTests;
				PRODUCT_NAME = "$(TARGET_NAME)";
				SWIFT_VERSION = 4.2;
				TARGETED_DEVICE_FAMILY = "1,2";
				TEST_HOST = "$(BUILT_PRODUCTS_DIR)/tip.app/tip";
			};
			name = Release;
		};
		1AAF1FFE24ED69AD00180CB9 /* Debug */ = {
			isa = XCBuildConfiguration;
			buildSettings = {
				ALWAYS_EMBED_SWIFT_STANDARD_LIBRARIES = YES;
				CODE_SIGN_STYLE = Automatic;
				INFOPLIST_FILE = tipUITests/Info.plist;
				LD_RUNPATH_SEARCH_PATHS = (
					"$(inherited)",
					"@executable_path/Frameworks",
					"@loader_path/Frameworks",
				);
				PRODUCT_BUNDLE_IDENTIFIER = Codepath.tipUITests;
				PRODUCT_NAME = "$(TARGET_NAME)";
				SWIFT_VERSION = 4.2;
				TARGETED_DEVICE_FAMILY = "1,2";
				TEST_TARGET_NAME = tip;
			};
			name = Debug;
		};
		1AAF1FFF24ED69AD00180CB9 /* Release */ = {
			isa = XCBuildConfiguration;
			buildSettings = {
				ALWAYS_EMBED_SWIFT_STANDARD_LIBRARIES = YES;
				CODE_SIGN_STYLE = Automatic;
				INFOPLIST_FILE = tipUITests/Info.plist;
				LD_RUNPATH_SEARCH_PATHS = (
					"$(inherited)",
					"@executable_path/Frameworks",
					"@loader_path/Frameworks",
				);
				PRODUCT_BUNDLE_IDENTIFIER = Codepath.tipUITests;
				PRODUCT_NAME = "$(TARGET_NAME)";
				SWIFT_VERSION = 4.2;
				TARGETED_DEVICE_FAMILY = "1,2";
				TEST_TARGET_NAME = tip;
			};
			name = Release;
		};
/* End XCBuildConfiguration section */

/* Begin XCConfigurationList section */
		1AAF1FCA24ED69AB00180CB9 /* Build configuration list for PBXProject "tip" */ = {
			isa = XCConfigurationList;
			buildConfigurations = (
				1AAF1FF524ED69AD00180CB9 /* Debug */,
				1AAF1FF624ED69AD00180CB9 /* Release */,
			);
			defaultConfigurationIsVisible = 0;
			defaultConfigurationName = Release;
		};
		1AAF1FF724ED69AD00180CB9 /* Build configuration list for PBXNativeTarget "tip" */ = {
			isa = XCConfigurationList;
			buildConfigurations = (
				1AAF1FF824ED69AD00180CB9 /* Debug */,
				1AAF1FF924ED69AD00180CB9 /* Release */,
			);
			defaultConfigurationIsVisible = 0;
			defaultConfigurationName = Release;
		};
		1AAF1FFA24ED69AD00180CB9 /* Build configuration list for PBXNativeTarget "tipTests" */ = {
			isa = XCConfigurationList;
			buildConfigurations = (
				1AAF1FFB24ED69AD00180CB9 /* Debug */,
				1AAF1FFC24ED69AD00180CB9 /* Release */,
			);
			defaultConfigurationIsVisible = 0;
			defaultConfigurationName = Release;
		};
		1AAF1FFD24ED69AD00180CB9 /* Build configuration list for PBXNativeTarget "tipUITests" */ = {
			isa = XCConfigurationList;
			buildConfigurations = (
				1AAF1FFE24ED69AD00180CB9 /* Debug */,
				1AAF1FFF24ED69AD00180CB9 /* Release */,
			);
			defaultConfigurationIsVisible = 0;
			defaultConfigurationName = Release;
		};
/* End XCConfigurationList section */
	};
	rootObject = 1AAF1FC724ED69AB00180CB9 /* Project object */;
}
